
Microsoft Visual Studio Solution File, Format Version 12.00
# Visual Studio Version 17
VisualStudioVersion = 17.1.32210.238
MinimumVisualStudioVersion = 10.0.40219.1
Project("{FAE04EC0-301F-11D3-BF4B-00C04F79EFBC}") = "tomsoft-demo", "tomsoft-demo\tomsoft-demo.csproj", "{A346CF4D-F8B4-483E-9700-B8DBC825B862}"
EndProject
Global
	GlobalSection(SolutionConfigurationPlatforms) = preSolution
		Debug|Any CPU = Debug|Any CPU
		Release|Any CPU = Release|Any CPU
	EndGlobalSection
	GlobalSection(ProjectConfigurationPlatforms) = postSolution
		{A346CF4D-F8B4-483E-9700-B8DBC825B862}.Debug|Any CPU.ActiveCfg = Debug|Any CPU
		{A346CF4D-F8B4-483E-9700-B8DBC825B862}.Debug|Any CPU.Build.0 = Debug|Any CPU
		{A346CF4D-F8B4-483E-9700-B8DBC825B862}.Release|Any CPU.ActiveCfg = Release|Any CPU
		{A346CF4D-F8B4-483E-9700-B8DBC825B862}.Release|Any CPU.Build.0 = Release|Any CPU
	EndGlobalSection
	GlobalSection(SolutionProperties) = preSolution
		HideSolutionNode = FALSE
	EndGlobalSection
	GlobalSection(ExtensibilityGlobals) = postSolution
		SolutionGuid = {98020E08-4F29-4C17-AAC5-CE544A7C5B1F}
	EndGlobalSection
EndGlobal
